
Microsoft Visual Studio Solution File, Format Version 12.00
# Visual Studio 15
VisualStudioVersion = 15.0.28307.329
MinimumVisualStudioVersion = 10.0.40219.1
Project("{FAE04EC0-301F-11D3-BF4B-00C04F79EFBC}") = "Maths Bot", "Maths Bot\Maths Bot.csproj", "{D5759BAB-0584-452C-83F5-1F932A28E08F}"
EndProject
Global
	GlobalSection(SolutionConfigurationPlatforms) = preSolution
		Debug|Any CPU = Debug|Any CPU
		Release|Any CPU = Release|Any CPU
	EndGlobalSection
	GlobalSection(ProjectConfigurationPlatforms) = postSolution
		{D5759BAB-0584-452C-83F5-1F932A28E08F}.Debug|Any CPU.ActiveCfg = Debug|Any CPU
		{D5759BAB-0584-452C-83F5-1F932A28E08F}.Debug|Any CPU.Build.0 = Debug|Any CPU
		{D5759BAB-0584-452C-83F5-1F932A28E08F}.Release|Any CPU.ActiveCfg = Release|Any CPU
		{D5759BAB-0584-452C-83F5-1F932A28E08F}.Release|Any CPU.Build.0 = Release|Any CPU
	EndGlobalSection
	GlobalSection(SolutionProperties) = preSolution
		HideSolutionNode = FALSE
	EndGlobalSection
	GlobalSection(ExtensibilityGlobals) = postSolution
		SolutionGuid = {53D1F22B-E154-4A9F-83E5-E2862BBC4ED0}
	EndGlobalSection
EndGlobal
